// !$*UTF8*$!
{
	archiveVersion = 1;
	classes = {
	};
	objectVersion = 55;
	objects = {

/* Begin PBXBuildFile section */
		9C5A80C927FCCD0300ECAB53 /* AppDelegate.swift in Sources */ = {isa = PBXBuildFile; fileRef = 9C5A80C827FCCD0300ECAB53 /* AppDelegate.swift */; };
		9C5A80CB27FCCD0300ECAB53 /* SceneDelegate.swift in Sources */ = {isa = PBXBuildFile; fileRef = 9C5A80CA27FCCD0300ECAB53 /* SceneDelegate.swift */; };
		9C5A80CD27FCCD0300ECAB53 /* ViewController.swift in Sources */ = {isa = PBXBuildFile; fileRef = 9C5A80CC27FCCD0300ECAB53 /* ViewController.swift */; };
		9C5A80D027FCCD0300ECAB53 /* Main.storyboard in Resources */ = {isa = PBXBuildFile; fileRef = 9C5A80CE27FCCD0300ECAB53 /* Main.storyboard */; };
		9C5A80D227FCCD0500ECAB53 /* Assets.xcassets in Resources */ = {isa = PBXBuildFile; fileRef = 9C5A80D127FCCD0500ECAB53 /* Assets.xcassets */; };
		9C5A80D527FCCD0500ECAB53 /* LaunchScreen.storyboard in Resources */ = {isa = PBXBuildFile; fileRef = 9C5A80D327FCCD0500ECAB53 /* LaunchScreen.storyboard */; };
		9C5A80E027FCCD0800ECAB53 /* Three_Letter_WordTests.swift in Sources */ = {isa = PBXBuildFile; fileRef = 9C5A80DF27FCCD0800ECAB53 /* Three_Letter_WordTests.swift */; };
		9C5A80EA27FCCD0800ECAB53 /* Three_Letter_WordUITests.swift in Sources */ = {isa = PBXBuildFile; fileRef = 9C5A80E927FCCD0800ECAB53 /* Three_Letter_WordUITests.swift */; };
		9C5A80EC27FCCD0800ECAB53 /* Three_Letter_WordUITestsLaunchTests.swift in Sources */ = {isa = PBXBuildFile; fileRef = 9C5A80EB27FCCD0800ECAB53 /* Three_Letter_WordUITestsLaunchTests.swift */; };
/* End PBXBuildFile section */

/* Begin PBXContainerItemProxy section */
		9C5A80DC27FCCD0800ECAB53 /* PBXContainerItemProxy */ = {
			isa = PBXContainerItemProxy;
			containerPortal = 9C5A80BD27FCCD0300ECAB53 /* Project object */;
			proxyType = 1;
			remoteGlobalIDString = 9C5A80C427FCCD0300ECAB53;
			remoteInfo = "Three-Letter-Word";
		};
		9C5A80E627FCCD0800ECAB53 /* PBXContainerItemProxy */ = {
			isa = PBXContainerItemProxy;
			containerPortal = 9C5A80BD27FCCD0300ECAB53 /* Project object */;
			proxyType = 1;
			remoteGlobalIDString = 9C5A80C427FCCD0300ECAB53;
			remoteInfo = "Three-Letter-Word";
		};
/* End PBXContainerItemProxy section */

/* Begin PBXFileReference section */
		9C5A80C527FCCD0300ECAB53 /* Three-Letter-Word.app */ = {isa = PBXFileReference; explicitFileType = wrapper.application; includeInIndex = 0; path = "Three-Letter-Word.app"; sourceTree = BUILT_PRODUCTS_DIR; };
		9C5A80C827FCCD0300ECAB53 /* AppDelegate.swift */ = {isa = PBXFileReference; lastKnownFileType = sourcecode.swift; path = AppDelegate.swift; sourceTree = "<group>"; };
		9C5A80CA27FCCD0300ECAB53 /* SceneDelegate.swift */ = {isa = PBXFileReference; lastKnownFileType = sourcecode.swift; path = SceneDelegate.swift; sourceTree = "<group>"; };
		9C5A80CC27FCCD0300ECAB53 /* ViewController.swift */ = {isa = PBXFileReference; lastKnownFileType = sourcecode.swift; path = ViewController.swift; sourceTree = "<group>"; };
		9C5A80CF27FCCD0300ECAB53 /* Base */ = {isa = PBXFileReference; lastKnownFileType = file.storyboard; name = Base; path = Base.lproj/Main.storyboard; sourceTree = "<group>"; };
		9C5A80D127FCCD0500ECAB53 /* Assets.xcassets */ = {isa = PBXFileReference; lastKnownFileType = folder.assetcatalog; path = Assets.xcassets; sourceTree = "<group>"; };
		9C5A80D427FCCD0500ECAB53 /* Base */ = {isa = PBXFileReference; lastKnownFileType = file.storyboard; name = Base; path = Base.lproj/LaunchScreen.storyboard; sourceTree = "<group>"; };
		9C5A80D627FCCD0500ECAB53 /* Info.plist */ = {isa = PBXFileReference; lastKnownFileType = text.plist.xml; path = Info.plist; sourceTree = "<group>"; };
		9C5A80DB27FCCD0800ECAB53 /* Three-Letter-WordTests.xctest */ = {isa = PBXFileReference; explicitFileType = wrapper.cfbundle; includeInIndex = 0; path = "Three-Letter-WordTests.xctest"; sourceTree = BUILT_PRODUCTS_DIR; };
		9C5A80DF27FCCD0800ECAB53 /* Three_Letter_WordTests.swift */ = {isa = PBXFileReference; lastKnownFileType = sourcecode.swift; path = Three_Letter_WordTests.swift; sourceTree = "<group>"; };
		9C5A80E527FCCD0800ECAB53 /* Three-Letter-WordUITests.xctest */ = {isa = PBXFileReference; explicitFileType = wrapper.cfbundle; includeInIndex = 0; path = "Three-Letter-WordUITests.xctest"; sourceTree = BUILT_PRODUCTS_DIR; };
		9C5A80E927FCCD0800ECAB53 /* Three_Letter_WordUITests.swift */ = {isa = PBXFileReference; lastKnownFileType = sourcecode.swift; path = Three_Letter_WordUITests.swift; sourceTree = "<group>"; };
		9C5A80EB27FCCD0800ECAB53 /* Three_Letter_WordUITestsLaunchTests.swift */ = {isa = PBXFileReference; lastKnownFileType = sourcecode.swift; path = Three_Letter_WordUITestsLaunchTests.swift; sourceTree = "<group>"; };
/* End PBXFileReference section */

/* Begin PBXFrameworksBuildPhase section */
		9C5A80C227FCCD0300ECAB53 /* Frameworks */ = {
			isa = PBXFrameworksBuildPhase;
			buildActionMask = 2147483647;
			files = (
			);
			runOnlyForDeploymentPostprocessing = 0;
		};
		9C5A80D827FCCD0800ECAB53 /* Frameworks */ = {
			isa = PBXFrameworksBuildPhase;
			buildActionMask = 2147483647;
			files = (
			);
			runOnlyForDeploymentPostprocessing = 0;
		};
		9C5A80E227FCCD0800ECAB53 /* Frameworks */ = {
			isa = PBXFrameworksBuildPhase;
			buildActionMask = 2147483647;
			files = (
			);
			runOnlyForDeploymentPostprocessing = 0;
		};
/* End PBXFrameworksBuildPhase section */

/* Begin PBXGroup section */
		9C5A80BC27FCCD0300ECAB53 = {
			isa = PBXGroup;
			children = (
				9C5A80C727FCCD0300ECAB53 /* Three-Letter-Word */,
				9C5A80DE27FCCD0800ECAB53 /* Three-Letter-WordTests */,
				9C5A80E827FCCD0800ECAB53 /* Three-Letter-WordUITests */,
				9C5A80C627FCCD0300ECAB53 /* Products */,
			);
			sourceTree = "<group>";
		};
		9C5A80C627FCCD0300ECAB53 /* Products */ = {
			isa = PBXGroup;
			children = (
				9C5A80C527FCCD0300ECAB53 /* Three-Letter-Word.app */,
				9C5A80DB27FCCD0800ECAB53 /* Three-Letter-WordTests.xctest */,
				9C5A80E527FCCD0800ECAB53 /* Three-Letter-WordUITests.xctest */,
			);
			name = Products;
			sourceTree = "<group>";
		};
		9C5A80C727FCCD0300ECAB53 /* Three-Letter-Word */ = {
			isa = PBXGroup;
			children = (
				9C5A80C827FCCD0300ECAB53 /* AppDelegate.swift */,
				9C5A80CA27FCCD0300ECAB53 /* SceneDelegate.swift */,
				9C5A80CC27FCCD0300ECAB53 /* ViewController.swift */,
				9C5A80CE27FCCD0300ECAB53 /* Main.storyboard */,
				9C5A80D127FCCD0500ECAB53 /* Assets.xcassets */,
				9C5A80D327FCCD0500ECAB53 /* LaunchScreen.storyboard */,
				9C5A80D627FCCD0500ECAB53 /* Info.plist */,
			);
			path = "Three-Letter-Word";
			sourceTree = "<group>";
		};
		9C5A80DE27FCCD0800ECAB53 /* Three-Letter-WordTests */ = {
			isa = PBXGroup;
			children = (
				9C5A80DF27FCCD0800ECAB53 /* Three_Letter_WordTests.swift */,
			);
			path = "Three-Letter-WordTests";
			sourceTree = "<group>";
		};
		9C5A80E827FCCD0800ECAB53 /* Three-Letter-WordUITests */ = {
			isa = PBXGroup;
			children = (
				9C5A80E927FCCD0800ECAB53 /* Three_Letter_WordUITests.swift */,
				9C5A80EB27FCCD0800ECAB53 /* Three_Letter_WordUITestsLaunchTests.swift */,
			);
			path = "Three-Letter-WordUITests";
			sourceTree = "<group>";
		};
/* End PBXGroup section */

/* Begin PBXNativeTarget section */
		9C5A80C427FCCD0300ECAB53 /* Three-Letter-Word */ = {
			isa = PBXNativeTarget;
			buildConfigurationList = 9C5A80EF27FCCD0800ECAB53 /* Build configuration list for PBXNativeTarget "Three-Letter-Word" */;
			buildPhases = (
				9C5A80C127FCCD0300ECAB53 /* Sources */,
				9C5A80C227FCCD0300ECAB53 /* Frameworks */,
				9C5A80C327FCCD0300ECAB53 /* Resources */,
			);
			buildRules = (
			);
			dependencies = (
			);
			name = "Three-Letter-Word";
			productName = "Three-Letter-Word";
			productReference = 9C5A80C527FCCD0300ECAB53 /* Three-Letter-Word.app */;
			productType = "com.apple.product-type.application";
		};
		9C5A80DA27FCCD0800ECAB53 /* Three-Letter-WordTests */ = {
			isa = PBXNativeTarget;
			buildConfigurationList = 9C5A80F227FCCD0800ECAB53 /* Build configuration list for PBXNativeTarget "Three-Letter-WordTests" */;
			buildPhases = (
				9C5A80D727FCCD0800ECAB53 /* Sources */,
				9C5A80D827FCCD0800ECAB53 /* Frameworks */,
				9C5A80D927FCCD0800ECAB53 /* Resources */,
			);
			buildRules = (
			);
			dependencies = (
				9C5A80DD27FCCD0800ECAB53 /* PBXTargetDependency */,
			);
			name = "Three-Letter-WordTests";
			productName = "Three-Letter-WordTests";
			productReference = 9C5A80DB27FCCD0800ECAB53 /* Three-Letter-WordTests.xctest */;
			productType = "com.apple.product-type.bundle.unit-test";
		};
		9C5A80E427FCCD0800ECAB53 /* Three-Letter-WordUITests */ = {
			isa = PBXNativeTarget;
			buildConfigurationList = 9C5A80F527FCCD0800ECAB53 /* Build configuration list for PBXNativeTarget "Three-Letter-WordUITests" */;
			buildPhases = (
				9C5A80E127FCCD0800ECAB53 /* Sources */,
				9C5A80E227FCCD0800ECAB53 /* Frameworks */,
				9C5A80E327FCCD0800ECAB53 /* Resources */,
			);
			buildRules = (
			);
			dependencies = (
				9C5A80E727FCCD0800ECAB53 /* PBXTargetDependency */,
			);
			name = "Three-Letter-WordUITests";
			productName = "Three-Letter-WordUITests";
			productReference = 9C5A80E527FCCD0800ECAB53 /* Three-Letter-WordUITests.xctest */;
			productType = "com.apple.product-type.bundle.ui-testing";
		};
/* End PBXNativeTarget section */

/* Begin PBXProject section */
		9C5A80BD27FCCD0300ECAB53 /* Project object */ = {
			isa = PBXProject;
			attributes = {
				BuildIndependentTargetsInParallel = 1;
				LastSwiftUpdateCheck = 1320;
				LastUpgradeCheck = 1320;
				TargetAttributes = {
					9C5A80C427FCCD0300ECAB53 = {
						CreatedOnToolsVersion = 13.2;
					};
					9C5A80DA27FCCD0800ECAB53 = {
						CreatedOnToolsVersion = 13.2;
						TestTargetID = 9C5A80C427FCCD0300ECAB53;
					};
					9C5A80E427FCCD0800ECAB53 = {
						CreatedOnToolsVersion = 13.2;
						TestTargetID = 9C5A80C427FCCD0300ECAB53;
					};
				};
			};
			buildConfigurationList = 9C5A80C027FCCD0300ECAB53 /* Build configuration list for PBXProject "Three-Letter-Word" */;
			compatibilityVersion = "Xcode 13.0";
			developmentRegion = en;
			hasScannedForEncodings = 0;
			knownRegions = (
				en,
				Base,
			);
			mainGroup = 9C5A80BC27FCCD0300ECAB53;
			productRefGroup = 9C5A80C627FCCD0300ECAB53 /* Products */;
			projectDirPath = "";
			projectRoot = "";
			targets = (
				9C5A80C427FCCD0300ECAB53 /* Three-Letter-Word */,
				9C5A80DA27FCCD0800ECAB53 /* Three-Letter-WordTests */,
				9C5A80E427FCCD0800ECAB53 /* Three-Letter-WordUITests */,
			);
		};
/* End PBXProject section */

/* Begin PBXResourcesBuildPhase section */
		9C5A80C327FCCD0300ECAB53 /* Resources */ = {
			isa = PBXResourcesBuildPhase;
			buildActionMask = 2147483647;
			files = (
				9C5A80D527FCCD0500ECAB53 /* LaunchScreen.storyboard in Resources */,
				9C5A80D227FCCD0500ECAB53 /* Assets.xcassets in Resources */,
				9C5A80D027FCCD0300ECAB53 /* Main.storyboard in Resources */,
			);
			runOnlyForDeploymentPostprocessing = 0;
		};
		9C5A80D927FCCD0800ECAB53 /* Resources */ = {
			isa = PBXResourcesBuildPhase;
			buildActionMask = 2147483647;
			files = (
			);
			runOnlyForDeploymentPostprocessing = 0;
		};
		9C5A80E327FCCD0800ECAB53 /* Resources */ = {
			isa = PBXResourcesBuildPhase;
			buildActionMask = 2147483647;
			files = (
			);
			runOnlyForDeploymentPostprocessing = 0;
		};
/* End PBXResourcesBuildPhase section */

/* Begin PBXSourcesBuildPhase section */
		9C5A80C127FCCD0300ECAB53 /* Sources */ = {
			isa = PBXSourcesBuildPhase;
			buildActionMask = 2147483647;
			files = (
				9C5A80CD27FCCD0300ECAB53 /* ViewController.swift in Sources */,
				9C5A80C927FCCD0300ECAB53 /* AppDelegate.swift in Sources */,
				9C5A80CB27FCCD0300ECAB53 /* SceneDelegate.swift in Sources */,
			);
			runOnlyForDeploymentPostprocessing = 0;
		};
		9C5A80D727FCCD0800ECAB53 /* Sources */ = {
			isa = PBXSourcesBuildPhase;
			buildActionMask = 2147483647;
			files = (
				9C5A80E027FCCD0800ECAB53 /* Three_Letter_WordTests.swift in Sources */,
			);
			runOnlyForDeploymentPostprocessing = 0;
		};
		9C5A80E127FCCD0800ECAB53 /* Sources */ = {
			isa = PBXSourcesBuildPhase;
			buildActionMask = 2147483647;
			files = (
				9C5A80EA27FCCD0800ECAB53 /* Three_Letter_WordUITests.swift in Sources */,
				9C5A80EC27FCCD0800ECAB53 /* Three_Letter_WordUITestsLaunchTests.swift in Sources */,
			);
			runOnlyForDeploymentPostprocessing = 0;
		};
/* End PBXSourcesBuildPhase section */

/* Begin PBXTargetDependency section */
		9C5A80DD27FCCD0800ECAB53 /* PBXTargetDependency */ = {
			isa = PBXTargetDependency;
			target = 9C5A80C427FCCD0300ECAB53 /* Three-Letter-Word */;
			targetProxy = 9C5A80DC27FCCD0800ECAB53 /* PBXContainerItemProxy */;
		};
		9C5A80E727FCCD0800ECAB53 /* PBXTargetDependency */ = {
			isa = PBXTargetDependency;
			target = 9C5A80C427FCCD0300ECAB53 /* Three-Letter-Word */;
			targetProxy = 9C5A80E627FCCD0800ECAB53 /* PBXContainerItemProxy */;
		};
/* End PBXTargetDependency section */

/* Begin PBXVariantGroup section */
		9C5A80CE27FCCD0300ECAB53 /* Main.storyboard */ = {
			isa = PBXVariantGroup;
			children = (
				9C5A80CF27FCCD0300ECAB53 /* Base */,
			);
			name = Main.storyboard;
			sourceTree = "<group>";
		};
		9C5A80D327FCCD0500ECAB53 /* LaunchScreen.storyboard */ = {
			isa = PBXVariantGroup;
			children = (
				9C5A80D427FCCD0500ECAB53 /* Base */,
			);
			name = LaunchScreen.storyboard;
			sourceTree = "<group>";
		};
/* End PBXVariantGroup section */

/* Begin XCBuildConfiguration section */
		9C5A80ED27FCCD0800ECAB53 /* Debug */ = {
			isa = XCBuildConfiguration;
			buildSettings = {
				ALWAYS_SEARCH_USER_PATHS = NO;
				CLANG_ANALYZER_NONNULL = YES;
				CLANG_ANALYZER_NUMBER_OBJECT_CONVERSION = YES_AGGRESSIVE;
				CLANG_CXX_LANGUAGE_STANDARD = "gnu++17";
				CLANG_CXX_LIBRARY = "libc++";
				CLANG_ENABLE_MODULES = YES;
				CLANG_ENABLE_OBJC_ARC = YES;
				CLANG_ENABLE_OBJC_WEAK = YES;
				CLANG_WARN_BLOCK_CAPTURE_AUTORELEASING = YES;
				CLANG_WARN_BOOL_CONVERSION = YES;
				CLANG_WARN_COMMA = YES;
				CLANG_WARN_CONSTANT_CONVERSION = YES;
				CLANG_WARN_DEPRECATED_OBJC_IMPLEMENTATIONS = YES;
				CLANG_WARN_DIRECT_OBJC_ISA_USAGE = YES_ERROR;
				CLANG_WARN_DOCUMENTATION_COMMENTS = YES;
				CLANG_WARN_EMPTY_BODY = YES;
				CLANG_WARN_ENUM_CONVERSION = YES;
				CLANG_WARN_INFINITE_RECURSION = YES;
				CLANG_WARN_INT_CONVERSION = YES;
				CLANG_WARN_NON_LITERAL_NULL_CONVERSION = YES;
				CLANG_WARN_OBJC_IMPLICIT_RETAIN_SELF = YES;
				CLANG_WARN_OBJC_LITERAL_CONVERSION = YES;
				CLANG_WARN_OBJC_ROOT_CLASS = YES_ERROR;
				CLANG_WARN_QUOTED_INCLUDE_IN_FRAMEWORK_HEADER = YES;
				CLANG_WARN_RANGE_LOOP_ANALYSIS = YES;
				CLANG_WARN_STRICT_PROTOTYPES = YES;
				CLANG_WARN_SUSPICIOUS_MOVE = YES;
				CLANG_WARN_UNGUARDED_AVAILABILITY = YES_AGGRESSIVE;
				CLANG_WARN_UNREACHABLE_CODE = YES;
				CLANG_WARN__DUPLICATE_METHOD_MATCH = YES;
				COPY_PHASE_STRIP = NO;
				DEBUG_INFORMATION_FORMAT = dwarf;
				ENABLE_STRICT_OBJC_MSGSEND = YES;
				ENABLE_TESTABILITY = YES;
				GCC_C_LANGUAGE_STANDARD = gnu11;
				GCC_DYNAMIC_NO_PIC = NO;
				GCC_NO_COMMON_BLOCKS = YES;
				GCC_OPTIMIZATION_LEVEL = 0;
				GCC_PREPROCESSOR_DEFINITIONS = (
					"DEBUG=1",
					"$(inherited)",
				);
				GCC_WARN_64_TO_32_BIT_CONVERSION = YES;
				GCC_WARN_ABOUT_RETURN_TYPE = YES_ERROR;
				GCC_WARN_UNDECLARED_SELECTOR = YES;
				GCC_WARN_UNINITIALIZED_AUTOS = YES_AGGRESSIVE;
				GCC_WARN_UNUSED_FUNCTION = YES;
				GCC_WARN_UNUSED_VARIABLE = YES;
				IPHONEOS_DEPLOYMENT_TARGET = 15.2;
				MTL_ENABLE_DEBUG_INFO = INCLUDE_SOURCE;
				MTL_FAST_MATH = YES;
				ONLY_ACTIVE_ARCH = YES;
				SDKROOT = iphoneos;
				SWIFT_ACTIVE_COMPILATION_CONDITIONS = DEBUG;
				SWIFT_OPTIMIZATION_LEVEL = "-Onone";
			};
			name = Debug;
		};
		9C5A80EE27FCCD0800ECAB53 /* Release */ = {
			isa = XCBuildConfiguration;
			buildSettings = {
				ALWAYS_SEARCH_USER_PATHS = NO;
				CLANG_ANALYZER_NONNULL = YES;
				CLANG_ANALYZER_NUMBER_OBJECT_CONVERSION = YES_AGGRESSIVE;
				CLANG_CXX_LANGUAGE_STANDARD = "gnu++17";
				CLANG_CXX_LIBRARY = "libc++";
				CLANG_ENABLE_MODULES = YES;
				CLANG_ENABLE_OBJC_ARC = YES;
				CLANG_ENABLE_OBJC_WEAK = YES;
				CLANG_WARN_BLOCK_CAPTURE_AUTORELEASING = YES;
				CLANG_WARN_BOOL_CONVERSION = YES;
				CLANG_WARN_COMMA = YES;
				CLANG_WARN_CONSTANT_CONVERSION = YES;
				CLANG_WARN_DEPRECATED_OBJC_IMPLEMENTATIONS = YES;
				CLANG_WARN_DIRECT_OBJC_ISA_USAGE = YES_ERROR;
				CLANG_WARN_DOCUMENTATION_COMMENTS = YES;
				CLANG_WARN_EMPTY_BODY = YES;
				CLANG_WARN_ENUM_CONVERSION = YES;
				CLANG_WARN_INFINITE_RECURSION = YES;
				CLANG_WARN_INT_CONVERSION = YES;
				CLANG_WARN_NON_LITERAL_NULL_CONVERSION = YES;
				CLANG_WARN_OBJC_IMPLICIT_RETAIN_SELF = YES;
				CLANG_WARN_OBJC_LITERAL_CONVERSION = YES;
				CLANG_WARN_OBJC_ROOT_CLASS = YES_ERROR;
				CLANG_WARN_QUOTED_INCLUDE_IN_FRAMEWORK_HEADER = YES;
				CLANG_WARN_RANGE_LOOP_ANALYSIS = YES;
				CLANG_WARN_STRICT_PROTOTYPES = YES;
				CLANG_WARN_SUSPICIOUS_MOVE = YES;
				CLANG_WARN_UNGUARDED_AVAILABILITY = YES_AGGRESSIVE;
				CLANG_WARN_UNREACHABLE_CODE = YES;
				CLANG_WARN__DUPLICATE_METHOD_MATCH = YES;
				COPY_PHASE_STRIP = NO;
				DEBUG_INFORMATION_FORMAT = "dwarf-with-dsym";
				ENABLE_NS_ASSERTIONS = NO;
				ENABLE_STRICT_OBJC_MSGSEND = YES;
				GCC_C_LANGUAGE_STANDARD = gnu11;
				GCC_NO_COMMON_BLOCKS = YES;
				GCC_WARN_64_TO_32_BIT_CONVERSION = YES;
				GCC_WARN_ABOUT_RETURN_TYPE = YES_ERROR;
				GCC_WARN_UNDECLARED_SELECTOR = YES;
				GCC_WARN_UNINITIALIZED_AUTOS = YES_AGGRESSIVE;
				GCC_WARN_UNUSED_FUNCTION = YES;
				GCC_WARN_UNUSED_VARIABLE = YES;
				IPHONEOS_DEPLOYMENT_TARGET = 15.2;
				MTL_ENABLE_DEBUG_INFO = NO;
				MTL_FAST_MATH = YES;
				SDKROOT = iphoneos;
				SWIFT_COMPILATION_MODE = wholemodule;
				SWIFT_OPTIMIZATION_LEVEL = "-O";
				VALIDATE_PRODUCT = YES;
			};
			name = Release;
		};
		9C5A80F027FCCD0800ECAB53 /* Debug */ = {
			isa = XCBuildConfiguration;
			buildSettings = {
				ASSETCATALOG_COMPILER_APPICON_NAME = AppIcon;
				ASSETCATALOG_COMPILER_GLOBAL_ACCENT_COLOR_NAME = AccentColor;
				CODE_SIGN_STYLE = Automatic;
				CURRENT_PROJECT_VERSION = 1;
				GENERATE_INFOPLIST_FILE = YES;
				INFOPLIST_FILE = "Three-Letter-Word/Info.plist";
				INFOPLIST_KEY_UIApplicationSupportsIndirectInputEvents = YES;
				INFOPLIST_KEY_UILaunchStoryboardName = LaunchScreen;
				INFOPLIST_KEY_UIMainStoryboardFile = Main;
				INFOPLIST_KEY_UISupportedInterfaceOrientations_iPad = "UIInterfaceOrientationPortrait UIInterfaceOrientationPortraitUpsideDown UIInterfaceOrientationLandscapeLeft UIInterfaceOrientationLandscapeRight";
				INFOPLIST_KEY_UISupportedInterfaceOrientations_iPhone = "UIInterfaceOrientationPortrait UIInterfaceOrientationLandscapeLeft UIInterfaceOrientationLandscapeRight";
				LD_RUNPATH_SEARCH_PATHS = (
					"$(inherited)",
					"@executable_path/Frameworks",
				);
				MARKETING_VERSION = 1.0;
				PRODUCT_BUNDLE_IDENTIFIER = "Futures-Lab.Three-Letter-Word";
				PRODUCT_NAME = "$(TARGET_NAME)";
				SWIFT_EMIT_LOC_STRINGS = YES;
				SWIFT_VERSION = 5.0;
				TARGETED_DEVICE_FAMILY = "1,2";
			};
			name = Debug;
		};
		9C5A80F127FCCD0800ECAB53 /* Release */ = {
			isa = XCBuildConfiguration;
			buildSettings = {
				ASSETCATALOG_COMPILER_APPICON_NAME = AppIcon;
				ASSETCATALOG_COMPILER_GLOBAL_ACCENT_COLOR_NAME = AccentColor;
				CODE_SIGN_STYLE = Automatic;
				CURRENT_PROJECT_VERSION = 1;
				GENERATE_INFOPLIST_FILE = YES;
				INFOPLIST_FILE = "Three-Letter-Word/Info.plist";
				INFOPLIST_KEY_UIApplicationSupportsIndirectInputEvents = YES;
				INFOPLIST_KEY_UILaunchStoryboardName = LaunchScreen;
				INFOPLIST_KEY_UIMainStoryboardFile = Main;
				INFOPLIST_KEY_UISupportedInterfaceOrientations_iPad = "UIInterfaceOrientationPortrait UIInterfaceOrientationPortraitUpsideDown UIInterfaceOrientationLandscapeLeft UIInterfaceOrientationLandscapeRight";
				INFOPLIST_KEY_UISupportedInterfaceOrientations_iPhone = "UIInterfaceOrientationPortrait UIInterfaceOrientationLandscapeLeft UIInterfaceOrientationLandscapeRight";
				LD_RUNPATH_SEARCH_PATHS = (
					"$(inherited)",
					"@executable_path/Frameworks",
				);
				MARKETING_VERSION = 1.0;
				PRODUCT_BUNDLE_IDENTIFIER = "Futures-Lab.Three-Letter-Word";
				PRODUCT_NAME = "$(TARGET_NAME)";
				SWIFT_EMIT_LOC_STRINGS = YES;
				SWIFT_VERSION = 5.0;
				TARGETED_DEVICE_FAMILY = "1,2";
			};
			name = Release;
		};
		9C5A80F327FCCD0800ECAB53 /* Debug */ = {
			isa = XCBuildConfiguration;
			buildSettings = {
				ALWAYS_EMBED_SWIFT_STANDARD_LIBRARIES = YES;
				BUNDLE_LOADER = "$(TEST_HOST)";
				CODE_SIGN_STYLE = Automatic;
				CURRENT_PROJECT_VERSION = 1;
				GENERATE_INFOPLIST_FILE = YES;
				IPHONEOS_DEPLOYMENT_TARGET = 15.2;
				MARKETING_VERSION = 1.0;
				PRODUCT_BUNDLE_IDENTIFIER = "Futures-Lab.Three-Letter-WordTests";
				PRODUCT_NAME = "$(TARGET_NAME)";
				SWIFT_EMIT_LOC_STRINGS = NO;
				SWIFT_VERSION = 5.0;
				TARGETED_DEVICE_FAMILY = "1,2";
				TEST_HOST = "$(BUILT_PRODUCTS_DIR)/Three-Letter-Word.app/Three-Letter-Word";
			};
			name = Debug;
		};
		9C5A80F427FCCD0800ECAB53 /* Release */ = {
			isa = XCBuildConfiguration;
			buildSettings = {
				ALWAYS_EMBED_SWIFT_STANDARD_LIBRARIES = YES;
				BUNDLE_LOADER = "$(TEST_HOST)";
				CODE_SIGN_STYLE = Automatic;
				CURRENT_PROJECT_VERSION = 1;
				GENERATE_INFOPLIST_FILE = YES;
				IPHONEOS_DEPLOYMENT_TARGET = 15.2;
				MARKETING_VERSION = 1.0;
				PRODUCT_BUNDLE_IDENTIFIER = "Futures-Lab.Three-Letter-WordTests";
				PRODUCT_NAME = "$(TARGET_NAME)";
				SWIFT_EMIT_LOC_STRINGS = NO;
				SWIFT_VERSION = 5.0;
				TARGETED_DEVICE_FAMILY = "1,2";
				TEST_HOST = "$(BUILT_PRODUCTS_DIR)/Three-Letter-Word.app/Three-Letter-Word";
			};
			name = Release;
		};
		9C5A80F627FCCD0800ECAB53 /* Debug */ = {
			isa = XCBuildConfiguration;
			buildSettings = {
				ALWAYS_EMBED_SWIFT_STANDARD_LIBRARIES = YES;
				CODE_SIGN_STYLE = Automatic;
				CURRENT_PROJECT_VERSION = 1;
				GENERATE_INFOPLIST_FILE = YES;
				MARKETING_VERSION = 1.0;
				PRODUCT_BUNDLE_IDENTIFIER = "Futures-Lab.Three-Letter-WordUITests";
				PRODUCT_NAME = "$(TARGET_NAME)";
				SWIFT_EMIT_LOC_STRINGS = NO;
				SWIFT_VERSION = 5.0;
				TARGETED_DEVICE_FAMILY = "1,2";
				TEST_TARGET_NAME = "Three-Letter-Word";
			};
			name = Debug;
		};
		9C5A80F727FCCD0800ECAB53 /* Release */ = {
			isa = XCBuildConfiguration;
			buildSettings = {
				ALWAYS_EMBED_SWIFT_STANDARD_LIBRARIES = YES;
				CODE_SIGN_STYLE = Automatic;
				CURRENT_PROJECT_VERSION = 1;
				GENERATE_INFOPLIST_FILE = YES;
				MARKETING_VERSION = 1.0;
				PRODUCT_BUNDLE_IDENTIFIER = "Futures-Lab.Three-Letter-WordUITests";
				PRODUCT_NAME = "$(TARGET_NAME)";
				SWIFT_EMIT_LOC_STRINGS = NO;
				SWIFT_VERSION = 5.0;
				TARGETED_DEVICE_FAMILY = "1,2";
				TEST_TARGET_NAME = "Three-Letter-Word";
			};
			name = Release;
		};
/* End XCBuildConfiguration section */

/* Begin XCConfigurationList section */
		9C5A80C027FCCD0300ECAB53 /* Build configuration list for PBXProject "Three-Letter-Word" */ = {
			isa = XCConfigurationList;
			buildConfigurations = (
				9C5A80ED27FCCD0800ECAB53 /* Debug */,
				9C5A80EE27FCCD0800ECAB53 /* Release */,
			);
			defaultConfigurationIsVisible = 0;
			defaultConfigurationName = Release;
		};
		9C5A80EF27FCCD0800ECAB53 /* Build configuration list for PBXNativeTarget "Three-Letter-Word" */ = {
			isa = XCConfigurationList;
			buildConfigurations = (
				9C5A80F027FCCD0800ECAB53 /* Debug */,
				9C5A80F127FCCD0800ECAB53 /* Release */,
			);
			defaultConfigurationIsVisible = 0;
			defaultConfigurationName = Release;
		};
		9C5A80F227FCCD0800ECAB53 /* Build configuration list for PBXNativeTarget "Three-Letter-WordTests" */ = {
			isa = XCConfigurationList;
			buildConfigurations = (
				9C5A80F327FCCD0800ECAB53 /* Debug */,
				9C5A80F427FCCD0800ECAB53 /* Release */,
			);
			defaultConfigurationIsVisible = 0;
			defaultConfigurationName = Release;
		};
		9C5A80F527FCCD0800ECAB53 /* Build configuration list for PBXNativeTarget "Three-Letter-WordUITests" */ = {
			isa = XCConfigurationList;
			buildConfigurations = (
				9C5A80F627FCCD0800ECAB53 /* Debug */,
				9C5A80F727FCCD0800ECAB53 /* Release */,
			);
			defaultConfigurationIsVisible = 0;
			defaultConfigurationName = Release;
		};
/* End XCConfigurationList section */
	};
	rootObject = 9C5A80BD27FCCD0300ECAB53 /* Project object */;
}
